<?xml version="1.0" encoding="utf-8"?>
<Project ToolsVersion="4.0" xmlns="http://schemas.microsoft.com/developer/msbuild/2003">
  <ItemGroup>
    <Filter Include="Source Files">
      <UniqueIdentifier>{4FC737F1-C7A5-4376-A066-2A32D752A2FF}</UniqueIdentifier>
      <Extensions>cpp;c;cc;cxx;def;odl;idl;hpj;bat;asm;asmx</Extensions>
    </Filter>
    <Filter Include="Header Files">
      <UniqueIdentifier>{93995380-89BD-4b04-88EB-625FBE52EBFB}</UniqueIdentifier>
      <Extensions>h;hh;hpp;hxx;hm;inl;inc;xsd</Extensions>
    </Filter>
    <Filter Include="Resource Files">
      <UniqueIdentifier>{67DA6AB6-F800-4c08-8B7A-83BB121AAD01}</UniqueIdentifier>
      <Extensions>rc;ico;cur;bmp;dlg;rc2;rct;bin;rgs;gif;jpg;jpeg;jpe;resx;tiff;tif;png;wav;mfcribbon-ms</Extensions>
    </Filter>
    <Filter Include="Source Files\Channel Block">
      <UniqueIdentifier>{957b949f-19df-443f-b39d-5be971089c62}</UniqueIdentifier>
    </Filter>
    <Filter Include="Header Files\Channel Block">
      <UniqueIdentifier>{3768cc94-8704-47b7-81d4-d0a39d22d3be}</UniqueIdentifier>
    </Filter>
    <Filter Include="Source Files\Logging Server">
      <UniqueIdentifier>{eb432dbd-8fd5-482a-8dd0-e654c673b3d9}</UniqueIdentifier>
    </Filter>
    <Filter Include="Header Files\Logging Server">
      <UniqueIdentifier>{aa858531-c381-47fa-b6ff-265439a1c248}</UniqueIdentifier>
    </Filter>
    <Filter Include="Source Files\TDK Distribution">
      <UniqueIdentifier>{40348723-da52-442e-946d-86ee31bb3aed}</UniqueIdentifier>
    </Filter>
    <Filter Include="Header Files\TDK Distribution">
      <UniqueIdentifier>{79ca77d5-3524-494c-b18d-1cfdffaf4665}</UniqueIdentifier>
    </Filter>
    <Filter Include="Header Files\AAA">
      <UniqueIdentifier>{8b55ec32-ae2c-4a5b-a8a0-b4b88925ca7a}</UniqueIdentifier>
    </Filter>
    <Filter Include="Source Files\AAA">
      <UniqueIdentifier>{ac3e73d0-470b-4f35-865f-a68455f90cba}</UniqueIdentifier>
    </Filter>
  </ItemGroup>
  <ItemGroup>
    <Text Include="ReadMe.txt" />
  </ItemGroup>
  <ItemGroup>
    <ClInclude Include="stdafx.h">
      <Filter>Header Files</Filter>
    </ClInclude>
    <ClInclude Include="targetver.h">
      <Filter>Header Files</Filter>
    </ClInclude>
    <ClInclude Include="Ethernet.h">
      <Filter>Header Files\Channel Block</Filter>
    </ClInclude>
    <ClInclude Include="Authentication.h">
      <Filter>Header Files</Filter>
    </ClInclude>
    <ClInclude Include="TDK.h">
      <Filter>Header Files\TDK Distribution</Filter>
    </ClInclude>
    <ClInclude Include="LoggingServer.h">
      <Filter>Header Files\Logging Server</Filter>
    </ClInclude>
    <ClInclude Include="SecureChannel.h">
      <Filter>Header Files\Channel Block</Filter>
    </ClInclude>
    <ClInclude Include="AAA.h">
      <Filter>Header Files\AAA</Filter>
    </ClInclude>
  </ItemGroup>
  <ItemGroup>
    <ClCompile Include="TrustedServer.cpp">
      <Filter>Source Files</Filter>
    </ClCompile>
    <ClCompile Include="Ethernet.cpp">
      <Filter>Source Files\Channel Block</Filter>
    </ClCompile>
    <ClCompile Include="Authentication.cpp">
      <Filter>Source Files</Filter>
    </ClCompile>
    <ClCompile Include="TDK.cpp">
      <Filter>Source Files\TDK Distribution</Filter>
    </ClCompile>
    <ClCompile Include="stdafx.cpp" />
    <ClCompile Include="LoggingServer.cpp">
      <Filter>Source Files\Logging Server</Filter>
    </ClCompile>
    <ClCompile Include="SecureChannel.cpp">
      <Filter>Source Files\Channel Block</Filter>
    </ClCompile>
    <ClCompile Include="AAA.cpp">
      <Filter>Source Files\AAA</Filter>
    </ClCompile>
  </ItemGroup>
</Project>